// !$*UTF8*$!
{
	archiveVersion = 1;
	classes = {
	};
	objectVersion = 46;
	objects = {

/* Begin PBXBuildFile section */
		A52412971ECC44BD00E4D6D8 /* AppDelegate.swift in Sources */ = {isa = PBXBuildFile; fileRef = A52412961ECC44BD00E4D6D8 /* AppDelegate.swift */; };
		A524129C1ECC44BD00E4D6D8 /* Main.storyboard in Resources */ = {isa = PBXBuildFile; fileRef = A524129A1ECC44BD00E4D6D8 /* Main.storyboard */; };
		A524129E1ECC44BD00E4D6D8 /* Assets.xcassets in Resources */ = {isa = PBXBuildFile; fileRef = A524129D1ECC44BD00E4D6D8 /* Assets.xcassets */; };
		A52412A11ECC44BD00E4D6D8 /* LaunchScreen.storyboard in Resources */ = {isa = PBXBuildFile; fileRef = A524129F1ECC44BD00E4D6D8 /* LaunchScreen.storyboard */; };
		A536EE961ECC564400DA859D /* APIManager.swift in Sources */ = {isa = PBXBuildFile; fileRef = A536EE951ECC564400DA859D /* APIManager.swift */; };
		A536EE991ECC7F3000DA859D /* Meteo.swift in Sources */ = {isa = PBXBuildFile; fileRef = A536EE981ECC7F3000DA859D /* Meteo.swift */; };
		A536EE9C1ECDE07A00DA859D /* MeteoTableViewController.swift in Sources */ = {isa = PBXBuildFile; fileRef = A536EE9B1ECDE07A00DA859D /* MeteoTableViewController.swift */; };
		A5ADB64C1ED18CDF00ADEB58 /* DetailsMeteoViewController.swift in Sources */ = {isa = PBXBuildFile; fileRef = A5ADB64B1ED18CDF00ADEB58 /* DetailsMeteoViewController.swift */; };
		A5B840701ECF0B20003468FD /* Date+format.swift in Sources */ = {isa = PBXBuildFile; fileRef = A5B8406F1ECF0B20003468FD /* Date+format.swift */; };
		F3C181318667B4E13CF89D5C /* Pods_AV_Meteo.framework in Frameworks */ = {isa = PBXBuildFile; fileRef = 71E9E5CA3BA6C8EFAF73AFF7 /* Pods_AV_Meteo.framework */; };
/* End PBXBuildFile section */

/* Begin PBXFileReference section */
		3361F484FD4145DDB6B7CA58 /* Pods_AV_MeteoTests.framework */ = {isa = PBXFileReference; explicitFileType = wrapper.framework; includeInIndex = 0; path = Pods_AV_MeteoTests.framework; sourceTree = BUILT_PRODUCTS_DIR; };
		454179648765518DD9E67345 /* Pods-AV_MeteoUITests.debug.xcconfig */ = {isa = PBXFileReference; includeInIndex = 1; lastKnownFileType = text.xcconfig; name = "Pods-AV_MeteoUITests.debug.xcconfig"; path = "Pods/Target Support Files/Pods-AV_MeteoUITests/Pods-AV_MeteoUITests.debug.xcconfig"; sourceTree = "<group>"; };
		683093C44A0CFAD0B2D5E82F /* Pods-AV_MeteoTests.debug.xcconfig */ = {isa = PBXFileReference; includeInIndex = 1; lastKnownFileType = text.xcconfig; name = "Pods-AV_MeteoTests.debug.xcconfig"; path = "Pods/Target Support Files/Pods-AV_MeteoTests/Pods-AV_MeteoTests.debug.xcconfig"; sourceTree = "<group>"; };
		71E9E5CA3BA6C8EFAF73AFF7 /* Pods_AV_Meteo.framework */ = {isa = PBXFileReference; explicitFileType = wrapper.framework; includeInIndex = 0; path = Pods_AV_Meteo.framework; sourceTree = BUILT_PRODUCTS_DIR; };
		8F491B65C63F5606848F03EB /* Pods-AV_Meteo.debug.xcconfig */ = {isa = PBXFileReference; includeInIndex = 1; lastKnownFileType = text.xcconfig; name = "Pods-AV_Meteo.debug.xcconfig"; path = "Pods/Target Support Files/Pods-AV_Meteo/Pods-AV_Meteo.debug.xcconfig"; sourceTree = "<group>"; };
		A52412931ECC44BD00E4D6D8 /* AV_Meteo.app */ = {isa = PBXFileReference; explicitFileType = wrapper.application; includeInIndex = 0; path = AV_Meteo.app; sourceTree = BUILT_PRODUCTS_DIR; };
		A52412961ECC44BD00E4D6D8 /* AppDelegate.swift */ = {isa = PBXFileReference; lastKnownFileType = sourcecode.swift; path = AppDelegate.swift; sourceTree = "<group>"; };
		A524129B1ECC44BD00E4D6D8 /* Base */ = {isa = PBXFileReference; lastKnownFileType = file.storyboard; name = Base; path = Base.lproj/Main.storyboard; sourceTree = "<group>"; };
		A524129D1ECC44BD00E4D6D8 /* Assets.xcassets */ = {isa = PBXFileReference; lastKnownFileType = folder.assetcatalog; path = Assets.xcassets; sourceTree = "<group>"; };
		A52412A01ECC44BD00E4D6D8 /* Base */ = {isa = PBXFileReference; lastKnownFileType = file.storyboard; name = Base; path = Base.lproj/LaunchScreen.storyboard; sourceTree = "<group>"; };
		A52412A21ECC44BD00E4D6D8 /* Info.plist */ = {isa = PBXFileReference; lastKnownFileType = text.plist.xml; path = Info.plist; sourceTree = "<group>"; };
		A52412AB1ECC44BD00E4D6D8 /* AV_MeteoTests.swift */ = {isa = PBXFileReference; lastKnownFileType = sourcecode.swift; path = AV_MeteoTests.swift; sourceTree = "<group>"; };
		A52412AD1ECC44BD00E4D6D8 /* Info.plist */ = {isa = PBXFileReference; lastKnownFileType = text.plist.xml; path = Info.plist; sourceTree = "<group>"; };
		A52412B61ECC44BD00E4D6D8 /* AV_MeteoUITests.swift */ = {isa = PBXFileReference; lastKnownFileType = sourcecode.swift; path = AV_MeteoUITests.swift; sourceTree = "<group>"; };
		A52412B81ECC44BD00E4D6D8 /* Info.plist */ = {isa = PBXFileReference; lastKnownFileType = text.plist.xml; path = Info.plist; sourceTree = "<group>"; };
		A536EE951ECC564400DA859D /* APIManager.swift */ = {isa = PBXFileReference; fileEncoding = 4; lastKnownFileType = sourcecode.swift; name = APIManager.swift; path = Manager/APIManager.swift; sourceTree = "<group>"; };
		A536EE981ECC7F3000DA859D /* Meteo.swift */ = {isa = PBXFileReference; fileEncoding = 4; lastKnownFileType = sourcecode.swift; name = Meteo.swift; path = Model/Meteo.swift; sourceTree = "<group>"; };
		A536EE9B1ECDE07A00DA859D /* MeteoTableViewController.swift */ = {isa = PBXFileReference; fileEncoding = 4; lastKnownFileType = sourcecode.swift; name = MeteoTableViewController.swift; path = Controller/MeteoTableViewController.swift; sourceTree = "<group>"; };
		A5ADB64B1ED18CDF00ADEB58 /* DetailsMeteoViewController.swift */ = {isa = PBXFileReference; fileEncoding = 4; lastKnownFileType = sourcecode.swift; name = DetailsMeteoViewController.swift; path = Controller/DetailsMeteoViewController.swift; sourceTree = "<group>"; };
		A5B8406F1ECF0B20003468FD /* Date+format.swift */ = {isa = PBXFileReference; fileEncoding = 4; lastKnownFileType = sourcecode.swift; path = "Date+format.swift"; sourceTree = "<group>"; };
		D7C7F4D9336D22D3AA54FCE3 /* Pods_AV_MeteoUITests.framework */ = {isa = PBXFileReference; explicitFileType = wrapper.framework; includeInIndex = 0; path = Pods_AV_MeteoUITests.framework; sourceTree = BUILT_PRODUCTS_DIR; };
		D8D85D884A980C1C3586643F /* Pods-AV_MeteoTests.release.xcconfig */ = {isa = PBXFileReference; includeInIndex = 1; lastKnownFileType = text.xcconfig; name = "Pods-AV_MeteoTests.release.xcconfig"; path = "Pods/Target Support Files/Pods-AV_MeteoTests/Pods-AV_MeteoTests.release.xcconfig"; sourceTree = "<group>"; };
		DE64222A6C01606BE7F2B04F /* Pods-AV_Meteo.release.xcconfig */ = {isa = PBXFileReference; includeInIndex = 1; lastKnownFileType = text.xcconfig; name = "Pods-AV_Meteo.release.xcconfig"; path = "Pods/Target Support Files/Pods-AV_Meteo/Pods-AV_Meteo.release.xcconfig"; sourceTree = "<group>"; };
		E2A5767085088F3ED40F6615 /* Pods-AV_MeteoUITests.release.xcconfig */ = {isa = PBXFileReference; includeInIndex = 1; lastKnownFileType = text.xcconfig; name = "Pods-AV_MeteoUITests.release.xcconfig"; path = "Pods/Target Support Files/Pods-AV_MeteoUITests/Pods-AV_MeteoUITests.release.xcconfig"; sourceTree = "<group>"; };
/* End PBXFileReference section */

/* Begin PBXFrameworksBuildPhase section */
		A52412901ECC44BD00E4D6D8 /* Frameworks */ = {
			isa = PBXFrameworksBuildPhase;
			buildActionMask = 2147483647;
			files = (
				F3C181318667B4E13CF89D5C /* Pods_AV_Meteo.framework in Frameworks */,
			);
			runOnlyForDeploymentPostprocessing = 0;
		};
/* End PBXFrameworksBuildPhase section */

/* Begin PBXGroup section */
		046731CB72E0FC74DBB43CBD /* Frameworks */ = {
			isa = PBXGroup;
			children = (
				71E9E5CA3BA6C8EFAF73AFF7 /* Pods_AV_Meteo.framework */,
				3361F484FD4145DDB6B7CA58 /* Pods_AV_MeteoTests.framework */,
				D7C7F4D9336D22D3AA54FCE3 /* Pods_AV_MeteoUITests.framework */,
			);
			name = Frameworks;
			sourceTree = "<group>";
		};
		41EF9B7825F2C9E7EBBABE7E /* Pods */ = {
			isa = PBXGroup;
			children = (
				8F491B65C63F5606848F03EB /* Pods-AV_Meteo.debug.xcconfig */,
				DE64222A6C01606BE7F2B04F /* Pods-AV_Meteo.release.xcconfig */,
				683093C44A0CFAD0B2D5E82F /* Pods-AV_MeteoTests.debug.xcconfig */,
				D8D85D884A980C1C3586643F /* Pods-AV_MeteoTests.release.xcconfig */,
				454179648765518DD9E67345 /* Pods-AV_MeteoUITests.debug.xcconfig */,
				E2A5767085088F3ED40F6615 /* Pods-AV_MeteoUITests.release.xcconfig */,
			);
			name = Pods;
			sourceTree = "<group>";
		};
		A524128A1ECC44BD00E4D6D8 = {
			isa = PBXGroup;
			children = (
				A52412951ECC44BD00E4D6D8 /* AV_Meteo */,
				A52412AA1ECC44BD00E4D6D8 /* AV_MeteoTests */,
				A52412B51ECC44BD00E4D6D8 /* AV_MeteoUITests */,
				A52412941ECC44BD00E4D6D8 /* Products */,
				41EF9B7825F2C9E7EBBABE7E /* Pods */,
				046731CB72E0FC74DBB43CBD /* Frameworks */,
			);
			sourceTree = "<group>";
		};
		A52412941ECC44BD00E4D6D8 /* Products */ = {
			isa = PBXGroup;
			children = (
				A52412931ECC44BD00E4D6D8 /* AV_Meteo.app */,
			);
			name = Products;
			sourceTree = "<group>";
		};
		A52412951ECC44BD00E4D6D8 /* AV_Meteo */ = {
			isa = PBXGroup;
			children = (
				A536EE9A1ECDE06B00DA859D /* Controller */,
				A536EE941ECC563200DA859D /* Manager */,
				A536EE8B1ECC501500DA859D /* Model */,
				A52412961ECC44BD00E4D6D8 /* AppDelegate.swift */,
				A5B8406F1ECF0B20003468FD /* Date+format.swift */,
				A524129A1ECC44BD00E4D6D8 /* Main.storyboard */,
				A524129D1ECC44BD00E4D6D8 /* Assets.xcassets */,
				A524129F1ECC44BD00E4D6D8 /* LaunchScreen.storyboard */,
				A52412A21ECC44BD00E4D6D8 /* Info.plist */,
			);
			path = AV_Meteo;
			sourceTree = "<group>";
		};
		A52412AA1ECC44BD00E4D6D8 /* AV_MeteoTests */ = {
			isa = PBXGroup;
			children = (
				A52412AB1ECC44BD00E4D6D8 /* AV_MeteoTests.swift */,
				A52412AD1ECC44BD00E4D6D8 /* Info.plist */,
			);
			path = AV_MeteoTests;
			sourceTree = "<group>";
		};
		A52412B51ECC44BD00E4D6D8 /* AV_MeteoUITests */ = {
			isa = PBXGroup;
			children = (
				A52412B61ECC44BD00E4D6D8 /* AV_MeteoUITests.swift */,
				A52412B81ECC44BD00E4D6D8 /* Info.plist */,
			);
			path = AV_MeteoUITests;
			sourceTree = "<group>";
		};
		A536EE8B1ECC501500DA859D /* Model */ = {
			isa = PBXGroup;
			children = (
				A536EE981ECC7F3000DA859D /* Meteo.swift */,
			);
			name = Model;
			sourceTree = "<group>";
		};
		A536EE941ECC563200DA859D /* Manager */ = {
			isa = PBXGroup;
			children = (
				A536EE951ECC564400DA859D /* APIManager.swift */,
			);
			name = Manager;
			sourceTree = "<group>";
		};
		A536EE9A1ECDE06B00DA859D /* Controller */ = {
			isa = PBXGroup;
			children = (
				A536EE9B1ECDE07A00DA859D /* MeteoTableViewController.swift */,
				A5ADB64B1ED18CDF00ADEB58 /* DetailsMeteoViewController.swift */,
			);
			name = Controller;
			sourceTree = "<group>";
		};
/* End PBXGroup section */

/* Begin PBXNativeTarget section */
		A52412921ECC44BD00E4D6D8 /* AV_Meteo */ = {
			isa = PBXNativeTarget;
			buildConfigurationList = A52412BB1ECC44BD00E4D6D8 /* Build configuration list for PBXNativeTarget "AV_Meteo" */;
			buildPhases = (
				A18EF145600579C7A9373A0A /* [CP] Check Pods Manifest.lock */,
				A524128F1ECC44BD00E4D6D8 /* Sources */,
				A52412901ECC44BD00E4D6D8 /* Frameworks */,
				A52412911ECC44BD00E4D6D8 /* Resources */,
				A97BE1373F7A378CE902D282 /* [CP] Embed Pods Frameworks */,
				5DF4B6C5E59995C4A1B4EA36 /* [CP] Copy Pods Resources */,
			);
			buildRules = (
			);
			dependencies = (
			);
			name = AV_Meteo;
			productName = AV_Meteo;
			productReference = A52412931ECC44BD00E4D6D8 /* AV_Meteo.app */;
			productType = "com.apple.product-type.application";
		};
/* End PBXNativeTarget section */

/* Begin PBXProject section */
		A524128B1ECC44BD00E4D6D8 /* Project object */ = {
			isa = PBXProject;
			attributes = {
				LastSwiftUpdateCheck = 0830;
				LastUpgradeCheck = 0830;
				ORGANIZATIONNAME = "Arnaud Verrier";
				TargetAttributes = {
					A52412921ECC44BD00E4D6D8 = {
						CreatedOnToolsVersion = 8.3.2;
						DevelopmentTeam = DA7865XRM2;
						ProvisioningStyle = Automatic;
					};
				};
			};
			buildConfigurationList = A524128E1ECC44BD00E4D6D8 /* Build configuration list for PBXProject "AV_Meteo" */;
			compatibilityVersion = "Xcode 3.2";
			developmentRegion = English;
			hasScannedForEncodings = 0;
			knownRegions = (
				en,
				Base,
			);
			mainGroup = A524128A1ECC44BD00E4D6D8;
			productRefGroup = A52412941ECC44BD00E4D6D8 /* Products */;
			projectDirPath = "";
			projectRoot = "";
			targets = (
				A52412921ECC44BD00E4D6D8 /* AV_Meteo */,
			);
		};
/* End PBXProject section */

/* Begin PBXResourcesBuildPhase section */
		A52412911ECC44BD00E4D6D8 /* Resources */ = {
			isa = PBXResourcesBuildPhase;
			buildActionMask = 2147483647;
			files = (
				A52412A11ECC44BD00E4D6D8 /* LaunchScreen.storyboard in Resources */,
				A524129E1ECC44BD00E4D6D8 /* Assets.xcassets in Resources */,
				A524129C1ECC44BD00E4D6D8 /* Main.storyboard in Resources */,
			);
			runOnlyForDeploymentPostprocessing = 0;
		};
/* End PBXResourcesBuildPhase section */

/* Begin PBXShellScriptBuildPhase section */
		5DF4B6C5E59995C4A1B4EA36 /* [CP] Copy Pods Resources */ = {
			isa = PBXShellScriptBuildPhase;
			buildActionMask = 2147483647;
			files = (
			);
			inputPaths = (
			);
			name = "[CP] Copy Pods Resources";
			outputPaths = (
			);
			runOnlyForDeploymentPostprocessing = 0;
			shellPath = /bin/sh;
			shellScript = "\"${SRCROOT}/Pods/Target Support Files/Pods-AV_Meteo/Pods-AV_Meteo-resources.sh\"\n";
			showEnvVarsInLog = 0;
		};
		A18EF145600579C7A9373A0A /* [CP] Check Pods Manifest.lock */ = {
			isa = PBXShellScriptBuildPhase;
			buildActionMask = 2147483647;
			files = (
			);
			inputPaths = (
			);
			name = "[CP] Check Pods Manifest.lock";
			outputPaths = (
			);
			runOnlyForDeploymentPostprocessing = 0;
			shellPath = /bin/sh;
			shellScript = "diff \"${PODS_ROOT}/../Podfile.lock\" \"${PODS_ROOT}/Manifest.lock\" > /dev/null\nif [ $? != 0 ] ; then\n    # print error to STDERR\n    echo \"error: The sandbox is not in sync with the Podfile.lock. Run 'pod install' or update your CocoaPods installation.\" >&2\n    exit 1\nfi\n";
			showEnvVarsInLog = 0;
		};
		A97BE1373F7A378CE902D282 /* [CP] Embed Pods Frameworks */ = {
			isa = PBXShellScriptBuildPhase;
			buildActionMask = 2147483647;
			files = (
			);
			inputPaths = (
			);
			name = "[CP] Embed Pods Frameworks";
			outputPaths = (
			);
			runOnlyForDeploymentPostprocessing = 0;
			shellPath = /bin/sh;
			shellScript = "\"${SRCROOT}/Pods/Target Support Files/Pods-AV_Meteo/Pods-AV_Meteo-frameworks.sh\"\n";
			showEnvVarsInLog = 0;
		};
/* End PBXShellScriptBuildPhase section */

/* Begin PBXSourcesBuildPhase section */
		A524128F1ECC44BD00E4D6D8 /* Sources */ = {
			isa = PBXSourcesBuildPhase;
			buildActionMask = 2147483647;
			files = (
				A5B840701ECF0B20003468FD /* Date+format.swift in Sources */,
				A536EE991ECC7F3000DA859D /* Meteo.swift in Sources */,
				A5ADB64C1ED18CDF00ADEB58 /* DetailsMeteoViewController.swift in Sources */,
				A536EE961ECC564400DA859D /* APIManager.swift in Sources */,
				A52412971ECC44BD00E4D6D8 /* AppDelegate.swift in Sources */,
				A536EE9C1ECDE07A00DA859D /* MeteoTableViewController.swift in Sources */,
			);
			runOnlyForDeploymentPostprocessing = 0;
		};
/* End PBXSourcesBuildPhase section */

/* Begin PBXVariantGroup section */
		A524129A1ECC44BD00E4D6D8 /* Main.storyboard */ = {
			isa = PBXVariantGroup;
			children = (
				A524129B1ECC44BD00E4D6D8 /* Base */,
			);
			name = Main.storyboard;
			sourceTree = "<group>";
		};
		A524129F1ECC44BD00E4D6D8 /* LaunchScreen.storyboard */ = {
			isa = PBXVariantGroup;
			children = (
				A52412A01ECC44BD00E4D6D8 /* Base */,
			);
			name = LaunchScreen.storyboard;
			sourceTree = "<group>";
		};
/* End PBXVariantGroup section */

/* Begin XCBuildConfiguration section */
		A52412B91ECC44BD00E4D6D8 /* Debug */ = {
			isa = XCBuildConfiguration;
			buildSettings = {
				ALWAYS_SEARCH_USER_PATHS = NO;
				CLANG_ANALYZER_NONNULL = YES;
				CLANG_ANALYZER_NUMBER_OBJECT_CONVERSION = YES_AGGRESSIVE;
				CLANG_CXX_LANGUAGE_STANDARD = "gnu++0x";
				CLANG_CXX_LIBRARY = "libc++";
				CLANG_ENABLE_MODULES = YES;
				CLANG_ENABLE_OBJC_ARC = YES;
				CLANG_WARN_BOOL_CONVERSION = YES;
				CLANG_WARN_CONSTANT_CONVERSION = YES;
				CLANG_WARN_DIRECT_OBJC_ISA_USAGE = YES_ERROR;
				CLANG_WARN_DOCUMENTATION_COMMENTS = YES;
				CLANG_WARN_EMPTY_BODY = YES;
				CLANG_WARN_ENUM_CONVERSION = YES;
				CLANG_WARN_INFINITE_RECURSION = YES;
				CLANG_WARN_INT_CONVERSION = YES;
				CLANG_WARN_OBJC_ROOT_CLASS = YES_ERROR;
				CLANG_WARN_SUSPICIOUS_MOVE = YES;
				CLANG_WARN_UNREACHABLE_CODE = YES;
				CLANG_WARN__DUPLICATE_METHOD_MATCH = YES;
				"CODE_SIGN_IDENTITY[sdk=iphoneos*]" = "iPhone Developer";
				COPY_PHASE_STRIP = NO;
				DEBUG_INFORMATION_FORMAT = dwarf;
				ENABLE_STRICT_OBJC_MSGSEND = YES;
				ENABLE_TESTABILITY = YES;
				GCC_C_LANGUAGE_STANDARD = gnu99;
				GCC_DYNAMIC_NO_PIC = NO;
				GCC_NO_COMMON_BLOCKS = YES;
				GCC_OPTIMIZATION_LEVEL = 0;
				GCC_PREPROCESSOR_DEFINITIONS = (
					"DEBUG=1",
					"$(inherited)",
				);
				GCC_WARN_64_TO_32_BIT_CONVERSION = YES;
				GCC_WARN_ABOUT_RETURN_TYPE = YES_ERROR;
				GCC_WARN_UNDECLARED_SELECTOR = YES;
				GCC_WARN_UNINITIALIZED_AUTOS = YES_AGGRESSIVE;
				GCC_WARN_UNUSED_FUNCTION = YES;
				GCC_WARN_UNUSED_VARIABLE = YES;
				IPHONEOS_DEPLOYMENT_TARGET = 10.3;
				MTL_ENABLE_DEBUG_INFO = YES;
				ONLY_ACTIVE_ARCH = YES;
				SDKROOT = iphoneos;
				SWIFT_ACTIVE_COMPILATION_CONDITIONS = DEBUG;
				SWIFT_OPTIMIZATION_LEVEL = "-Onone";
			};
			name = Debug;
		};
		A52412BA1ECC44BD00E4D6D8 /* Release */ = {
			isa = XCBuildConfiguration;
			buildSettings = {
				ALWAYS_SEARCH_USER_PATHS = NO;
				CLANG_ANALYZER_NONNULL = YES;
				CLANG_ANALYZER_NUMBER_OBJECT_CONVERSION = YES_AGGRESSIVE;
				CLANG_CXX_LANGUAGE_STANDARD = "gnu++0x";
				CLANG_CXX_LIBRARY = "libc++";
				CLANG_ENABLE_MODULES = YES;
				CLANG_ENABLE_OBJC_ARC = YES;
				CLANG_WARN_BOOL_CONVERSION = YES;
				CLANG_WARN_CONSTANT_CONVERSION = YES;
				CLANG_WARN_DIRECT_OBJC_ISA_USAGE = YES_ERROR;
				CLANG_WARN_DOCUMENTATION_COMMENTS = YES;
				CLANG_WARN_EMPTY_BODY = YES;
				CLANG_WARN_ENUM_CONVERSION = YES;
				CLANG_WARN_INFINITE_RECURSION = YES;
				CLANG_WARN_INT_CONVERSION = YES;
				CLANG_WARN_OBJC_ROOT_CLASS = YES_ERROR;
				CLANG_WARN_SUSPICIOUS_MOVE = YES;
				CLANG_WARN_UNREACHABLE_CODE = YES;
				CLANG_WARN__DUPLICATE_METHOD_MATCH = YES;
				"CODE_SIGN_IDENTITY[sdk=iphoneos*]" = "iPhone Developer";
				COPY_PHASE_STRIP = NO;
				DEBUG_INFORMATION_FORMAT = "dwarf-with-dsym";
				ENABLE_NS_ASSERTIONS = NO;
				ENABLE_STRICT_OBJC_MSGSEND = YES;
				GCC_C_LANGUAGE_STANDARD = gnu99;
				GCC_NO_COMMON_BLOCKS = YES;
				GCC_WARN_64_TO_32_BIT_CONVERSION = YES;
				GCC_WARN_ABOUT_RETURN_TYPE = YES_ERROR;
				GCC_WARN_UNDECLARED_SELECTOR = YES;
				GCC_WARN_UNINITIALIZED_AUTOS = YES_AGGRESSIVE;
				GCC_WARN_UNUSED_FUNCTION = YES;
				GCC_WARN_UNUSED_VARIABLE = YES;
				IPHONEOS_DEPLOYMENT_TARGET = 10.3;
				MTL_ENABLE_DEBUG_INFO = NO;
				SDKROOT = iphoneos;
				SWIFT_OPTIMIZATION_LEVEL = "-Owholemodule";
				VALIDATE_PRODUCT = YES;
			};
			name = Release;
		};
		A52412BC1ECC44BD00E4D6D8 /* Debug */ = {
			isa = XCBuildConfiguration;
			baseConfigurationReference = 8F491B65C63F5606848F03EB /* Pods-AV_Meteo.debug.xcconfig */;
			buildSettings = {
				ALWAYS_EMBED_SWIFT_STANDARD_LIBRARIES = YES;
				ASSETCATALOG_COMPILER_APPICON_NAME = AppIcon;
				DEVELOPMENT_TEAM = DA7865XRM2;
				INFOPLIST_FILE = AV_Meteo/Info.plist;
				LD_RUNPATH_SEARCH_PATHS = "$(inherited) @executable_path/Frameworks";
				PRODUCT_BUNDLE_IDENTIFIER = "com.av.AV-Meteo";
				PRODUCT_NAME = "$(TARGET_NAME)";
				SWIFT_VERSION = 3.0;
			};
			name = Debug;
		};
		A52412BD1ECC44BD00E4D6D8 /* Release */ = {
			isa = XCBuildConfiguration;
			baseConfigurationReference = DE64222A6C01606BE7F2B04F /* Pods-AV_Meteo.release.xcconfig */;
			buildSettings = {
				ALWAYS_EMBED_SWIFT_STANDARD_LIBRARIES = YES;
				ASSETCATALOG_COMPILER_APPICON_NAME = AppIcon;
				DEVELOPMENT_TEAM = DA7865XRM2;
				INFOPLIST_FILE = AV_Meteo/Info.plist;
				LD_RUNPATH_SEARCH_PATHS = "$(inherited) @executable_path/Frameworks";
				PRODUCT_BUNDLE_IDENTIFIER = "com.av.AV-Meteo";
				PRODUCT_NAME = "$(TARGET_NAME)";
				SWIFT_VERSION = 3.0;
			};
			name = Release;
		};
/* End XCBuildConfiguration section */

/* Begin XCConfigurationList section */
		A524128E1ECC44BD00E4D6D8 /* Build configuration list for PBXProject "AV_Meteo" */ = {
			isa = XCConfigurationList;
			buildConfigurations = (
				A52412B91ECC44BD00E4D6D8 /* Debug */,
				A52412BA1ECC44BD00E4D6D8 /* Release */,
			);
			defaultConfigurationIsVisible = 0;
			defaultConfigurationName = Release;
		};
		A52412BB1ECC44BD00E4D6D8 /* Build configuration list for PBXNativeTarget "AV_Meteo" */ = {
			isa = XCConfigurationList;
			buildConfigurations = (
				A52412BC1ECC44BD00E4D6D8 /* Debug */,
				A52412BD1ECC44BD00E4D6D8 /* Release */,
			);
			defaultConfigurationIsVisible = 0;
			defaultConfigurationName = Release;
		};
/* End XCConfigurationList section */
	};
	rootObject = A524128B1ECC44BD00E4D6D8 /* Project object */;
}
